
Microsoft Visual Studio Solution File, Format Version 12.00
# Visual Studio Version 16
VisualStudioVersion = 16.0.31205.134
MinimumVisualStudioVersion = 10.0.40219.1
Project("{9A19103F-16F7-4668-BE54-9A1E7A4F7556}") = "Server", "dndServer\Server.csproj", "{A4AB0682-18D2-455E-8596-02CB73449723}"
EndProject
Global
	GlobalSection(SolutionConfigurationPlatforms) = preSolution
		Debug|Any CPU = Debug|Any CPU
		Release|Any CPU = Release|Any CPU
	EndGlobalSection
	GlobalSection(ProjectConfigurationPlatforms) = postSolution
		{A4AB0682-18D2-455E-8596-02CB73449723}.Debug|Any CPU.ActiveCfg = Debug|Any CPU
		{A4AB0682-18D2-455E-8596-02CB73449723}.Debug|Any CPU.Build.0 = Debug|Any CPU
		{A4AB0682-18D2-455E-8596-02CB73449723}.Release|Any CPU.ActiveCfg = Release|Any CPU
		{A4AB0682-18D2-455E-8596-02CB73449723}.Release|Any CPU.Build.0 = Release|Any CPU
	EndGlobalSection
	GlobalSection(SolutionProperties) = preSolution
		HideSolutionNode = FALSE
	EndGlobalSection
	GlobalSection(ExtensibilityGlobals) = postSolution
		SolutionGuid = {002F25ED-D101-4D3A-BBB9-F70477B10CED}
	EndGlobalSection
EndGlobal
